// !$*UTF8*$!
{
	archiveVersion = 1;
	classes = {
	};
	objectVersion = 56;
	objects = {

/* Begin PBXBuildFile section */
		5A719ABC2E4EC8FD00298CD0 /* FirebaseAnalytics in Frameworks */ = {isa = PBXBuildFile; productRef = 5A719ABB2E4EC8FD00298CD0 /* FirebaseAnalytics */; };
		5A719ABE2E4EC8FD00298CD0 /* FirebaseAuth in Frameworks */ = {isa = PBXBuildFile; productRef = 5A719ABD2E4EC8FD00298CD0 /* FirebaseAuth */; };
		5A719AC02E4EC8FD00298CD0 /* FirebaseFirestore in Frameworks */ = {isa = PBXBuildFile; productRef = 5A719ABF2E4EC8FD00298CD0 /* FirebaseFirestore */; };
		5A719AC22E4EC8FD00298CD0 /* FirebaseFirestoreSwift in Frameworks */ = {isa = PBXBuildFile; productRef = 5A719AC12E4EC8FD00298CD0 /* FirebaseFirestoreSwift */; };
		5A719AC52E4ECB2200298CD0 /* GoogleSignIn in Frameworks */ = {isa = PBXBuildFile; productRef = 5A719AC42E4ECB2200298CD0 /* GoogleSignIn */; };
		5A719AC72E4ECB2200298CD0 /* GoogleSignInSwift in Frameworks */ = {isa = PBXBuildFile; productRef = 5A719AC62E4ECB2200298CD0 /* GoogleSignInSwift */; };
		5A719AC92E4ECE7E00298CD0 /* GoogleService-Info.plist in Resources */ = {isa = PBXBuildFile; fileRef = 5A719AC82E4ECE7E00298CD0 /* GoogleService-Info.plist */; };
		5A719ACC2E4EEAC300298CD0 /* Homepage.swift in Sources */ = {isa = PBXBuildFile; fileRef = 5A719ACB2E4EEAC300298CD0 /* Homepage.swift */; };
		5A719ACF2E4EEB5700298CD0 /* UserModel.swift in Sources */ = {isa = PBXBuildFile; fileRef = 5A719ACE2E4EEB5700298CD0 /* UserModel.swift */; };
		5A719AD22E4EEB7500298CD0 /* FirebaseManager.swift in Sources */ = {isa = PBXBuildFile; fileRef = 5A719AD12E4EEB7500298CD0 /* FirebaseManager.swift */; };
		5A76165B2E4C02ED00B7C85A /* Login.swift in Sources */ = {isa = PBXBuildFile; fileRef = 5A76165A2E4C02ED00B7C85A /* Login.swift */; };
		5AA077CE2E5276B900A920D5 /* HomeTopView.swift in Sources */ = {isa = PBXBuildFile; fileRef = 5AA077CD2E5276B900A920D5 /* HomeTopView.swift */; };
		5AA077D02E528A3700A920D5 /* CoursesSectionView.swift in Sources */ = {isa = PBXBuildFile; fileRef = 5AA077CF2E528A3700A920D5 /* CoursesSectionView.swift */; };
		5AA077D22E528AD200A920D5 /* CourseCardView.swift in Sources */ = {isa = PBXBuildFile; fileRef = 5AA077D12E528AD200A920D5 /* CourseCardView.swift */; };
		5AA077D42E528B3A00A920D5 /* SubjectsSectionView.swift in Sources */ = {isa = PBXBuildFile; fileRef = 5AA077D32E528B3A00A920D5 /* SubjectsSectionView.swift */; };
		5AA077D62E528B5900A920D5 /* SubjectCardView.swift in Sources */ = {isa = PBXBuildFile; fileRef = 5AA077D52E528B5900A920D5 /* SubjectCardView.swift */; };
		5AA077D82E528B6F00A920D5 /* ToolsSectionView.swift in Sources */ = {isa = PBXBuildFile; fileRef = 5AA077D72E528B6F00A920D5 /* ToolsSectionView.swift */; };
		5AA077DA2E528B8E00A920D5 /* ToolCardView.swift in Sources */ = {isa = PBXBuildFile; fileRef = 5AA077D92E528B8E00A920D5 /* ToolCardView.swift */; };
		5AA077DC2E528BAE00A920D5 /* BottomNavigationView.swift in Sources */ = {isa = PBXBuildFile; fileRef = 5AA077DB2E528BAE00A920D5 /* BottomNavigationView.swift */; };
		5AA077DE2E528D2F00A920D5 /* CoursesModel.swift in Sources */ = {isa = PBXBuildFile; fileRef = 5AA077DD2E528D2F00A920D5 /* CoursesModel.swift */; };
		5AA077E02E528D7E00A920D5 /* SubjectModel.swift in Sources */ = {isa = PBXBuildFile; fileRef = 5AA077DF2E528D7E00A920D5 /* SubjectModel.swift */; };
		5AA077E22E528D9200A920D5 /* ToolModel.swift in Sources */ = {isa = PBXBuildFile; fileRef = 5AA077E12E528D9200A920D5 /* ToolModel.swift */; };
		5AA077E42E53E14400A920D5 /* VIdeoPlayer.swift in Sources */ = {isa = PBXBuildFile; fileRef = 5AA077E32E53E14400A920D5 /* VIdeoPlayer.swift */; };
		5AF988CD2E45D6F40087A78F /* PraklyneApp.swift in Sources */ = {isa = PBXBuildFile; fileRef = 5AF988CC2E45D6F40087A78F /* PraklyneApp.swift */; };
		5AF988CF2E45D6F40087A78F /* ContentView.swift in Sources */ = {isa = PBXBuildFile; fileRef = 5AF988CE2E45D6F40087A78F /* ContentView.swift */; };
		5AF988D12E45D6F70087A78F /* Assets.xcassets in Resources */ = {isa = PBXBuildFile; fileRef = 5AF988D02E45D6F70087A78F /* Assets.xcassets */; };
		5AF988D42E45D6F70087A78F /* Preview Assets.xcassets in Resources */ = {isa = PBXBuildFile; fileRef = 5AF988D32E45D6F70087A78F /* Preview Assets.xcassets */; };
		5AF988D62E45D6F70087A78F /* Persistence.swift in Sources */ = {isa = PBXBuildFile; fileRef = 5AF988D52E45D6F70087A78F /* Persistence.swift */; };
		5AF988D92E45D6F70087A78F /* Praklyne.xcdatamodeld in Sources */ = {isa = PBXBuildFile; fileRef = 5AF988D72E45D6F70087A78F /* Praklyne.xcdatamodeld */; };
		5AF988E32E45D6F80087A78F /* PraklyneTests.swift in Sources */ = {isa = PBXBuildFile; fileRef = 5AF988E22E45D6F80087A78F /* PraklyneTests.swift */; };
		5AF988ED2E45D6F80087A78F /* PraklyneUITests.swift in Sources */ = {isa = PBXBuildFile; fileRef = 5AF988EC2E45D6F80087A78F /* PraklyneUITests.swift */; };
		5AF988EF2E45D6F80087A78F /* PraklyneUITestsLaunchTests.swift in Sources */ = {isa = PBXBuildFile; fileRef = 5AF988EE2E45D6F80087A78F /* PraklyneUITestsLaunchTests.swift */; };
/* End PBXBuildFile section */

/* Begin PBXContainerItemProxy section */
		5AF988DF2E45D6F80087A78F /* PBXContainerItemProxy */ = {
			isa = PBXContainerItemProxy;
			containerPortal = 5AF988C12E45D6F40087A78F /* Project object */;
			proxyType = 1;
			remoteGlobalIDString = 5AF988C82E45D6F40087A78F;
			remoteInfo = Praklyne;
		};
		5AF988E92E45D6F80087A78F /* PBXContainerItemProxy */ = {
			isa = PBXContainerItemProxy;
			containerPortal = 5AF988C12E45D6F40087A78F /* Project object */;
			proxyType = 1;
			remoteGlobalIDString = 5AF988C82E45D6F40087A78F;
			remoteInfo = Praklyne;
		};
/* End PBXContainerItemProxy section */

/* Begin PBXFileReference section */
		5A719AC82E4ECE7E00298CD0 /* GoogleService-Info.plist */ = {isa = PBXFileReference; fileEncoding = 4; lastKnownFileType = text.plist.xml; path = "GoogleService-Info.plist"; sourceTree = "<group>"; };
		5A719ACA2E4EE0D000298CD0 /* Info.plist */ = {isa = PBXFileReference; lastKnownFileType = text.plist; path = Info.plist; sourceTree = "<group>"; };
		5A719ACB2E4EEAC300298CD0 /* Homepage.swift */ = {isa = PBXFileReference; lastKnownFileType = sourcecode.swift; path = Homepage.swift; sourceTree = "<group>"; };
		5A719ACE2E4EEB5700298CD0 /* UserModel.swift */ = {isa = PBXFileReference; lastKnownFileType = sourcecode.swift; path = UserModel.swift; sourceTree = "<group>"; };
		5A719AD12E4EEB7500298CD0 /* FirebaseManager.swift */ = {isa = PBXFileReference; lastKnownFileType = sourcecode.swift; path = FirebaseManager.swift; sourceTree = "<group>"; };
		5A76165A2E4C02ED00B7C85A /* Login.swift */ = {isa = PBXFileReference; lastKnownFileType = sourcecode.swift; path = Login.swift; sourceTree = "<group>"; };
		5AA077CD2E5276B900A920D5 /* HomeTopView.swift */ = {isa = PBXFileReference; lastKnownFileType = sourcecode.swift; path = HomeTopView.swift; sourceTree = "<group>"; };
		5AA077CF2E528A3700A920D5 /* CoursesSectionView.swift */ = {isa = PBXFileReference; lastKnownFileType = sourcecode.swift; path = CoursesSectionView.swift; sourceTree = "<group>"; };
		5AA077D12E528AD200A920D5 /* CourseCardView.swift */ = {isa = PBXFileReference; lastKnownFileType = sourcecode.swift; path = CourseCardView.swift; sourceTree = "<group>"; };
		5AA077D32E528B3A00A920D5 /* SubjectsSectionView.swift */ = {isa = PBXFileReference; lastKnownFileType = sourcecode.swift; path = SubjectsSectionView.swift; sourceTree = "<group>"; };
		5AA077D52E528B5900A920D5 /* SubjectCardView.swift */ = {isa = PBXFileReference; lastKnownFileType = sourcecode.swift; path = SubjectCardView.swift; sourceTree = "<group>"; };
		5AA077D72E528B6F00A920D5 /* ToolsSectionView.swift */ = {isa = PBXFileReference; lastKnownFileType = sourcecode.swift; path = ToolsSectionView.swift; sourceTree = "<group>"; };
		5AA077D92E528B8E00A920D5 /* ToolCardView.swift */ = {isa = PBXFileReference; lastKnownFileType = sourcecode.swift; path = ToolCardView.swift; sourceTree = "<group>"; };
		5AA077DB2E528BAE00A920D5 /* BottomNavigationView.swift */ = {isa = PBXFileReference; lastKnownFileType = sourcecode.swift; path = BottomNavigationView.swift; sourceTree = "<group>"; };
		5AA077DD2E528D2F00A920D5 /* CoursesModel.swift */ = {isa = PBXFileReference; lastKnownFileType = sourcecode.swift; path = CoursesModel.swift; sourceTree = "<group>"; };
		5AA077DF2E528D7E00A920D5 /* SubjectModel.swift */ = {isa = PBXFileReference; lastKnownFileType = sourcecode.swift; path = SubjectModel.swift; sourceTree = "<group>"; };
		5AA077E12E528D9200A920D5 /* ToolModel.swift */ = {isa = PBXFileReference; lastKnownFileType = sourcecode.swift; path = ToolModel.swift; sourceTree = "<group>"; };
		5AA077E32E53E14400A920D5 /* VIdeoPlayer.swift */ = {isa = PBXFileReference; lastKnownFileType = sourcecode.swift; path = VIdeoPlayer.swift; sourceTree = "<group>"; };
		5AF988C92E45D6F40087A78F /* Praklyne.app */ = {isa = PBXFileReference; explicitFileType = wrapper.application; includeInIndex = 0; path = Praklyne.app; sourceTree = BUILT_PRODUCTS_DIR; };
		5AF988CC2E45D6F40087A78F /* PraklyneApp.swift */ = {isa = PBXFileReference; lastKnownFileType = sourcecode.swift; path = PraklyneApp.swift; sourceTree = "<group>"; };
		5AF988CE2E45D6F40087A78F /* ContentView.swift */ = {isa = PBXFileReference; lastKnownFileType = sourcecode.swift; path = ContentView.swift; sourceTree = "<group>"; };
		5AF988D02E45D6F70087A78F /* Assets.xcassets */ = {isa = PBXFileReference; lastKnownFileType = folder.assetcatalog; path = Assets.xcassets; sourceTree = "<group>"; };
		5AF988D32E45D6F70087A78F /* Preview Assets.xcassets */ = {isa = PBXFileReference; lastKnownFileType = folder.assetcatalog; path = "Preview Assets.xcassets"; sourceTree = "<group>"; };
		5AF988D52E45D6F70087A78F /* Persistence.swift */ = {isa = PBXFileReference; lastKnownFileType = sourcecode.swift; path = Persistence.swift; sourceTree = "<group>"; };
		5AF988D82E45D6F70087A78F /* Praklyne.xcdatamodel */ = {isa = PBXFileReference; lastKnownFileType = wrapper.xcdatamodel; path = Praklyne.xcdatamodel; sourceTree = "<group>"; };
		5AF988DE2E45D6F80087A78F /* PraklyneTests.xctest */ = {isa = PBXFileReference; explicitFileType = wrapper.cfbundle; includeInIndex = 0; path = PraklyneTests.xctest; sourceTree = BUILT_PRODUCTS_DIR; };
		5AF988E22E45D6F80087A78F /* PraklyneTests.swift */ = {isa = PBXFileReference; lastKnownFileType = sourcecode.swift; path = PraklyneTests.swift; sourceTree = "<group>"; };
		5AF988E82E45D6F80087A78F /* PraklyneUITests.xctest */ = {isa = PBXFileReference; explicitFileType = wrapper.cfbundle; includeInIndex = 0; path = PraklyneUITests.xctest; sourceTree = BUILT_PRODUCTS_DIR; };
		5AF988EC2E45D6F80087A78F /* PraklyneUITests.swift */ = {isa = PBXFileReference; lastKnownFileType = sourcecode.swift; path = PraklyneUITests.swift; sourceTree = "<group>"; };
		5AF988EE2E45D6F80087A78F /* PraklyneUITestsLaunchTests.swift */ = {isa = PBXFileReference; lastKnownFileType = sourcecode.swift; path = PraklyneUITestsLaunchTests.swift; sourceTree = "<group>"; };
/* End PBXFileReference section */

/* Begin PBXFrameworksBuildPhase section */
		5AF988C62E45D6F40087A78F /* Frameworks */ = {
			isa = PBXFrameworksBuildPhase;
			buildActionMask = 2147483647;
			files = (
				5A719AC52E4ECB2200298CD0 /* GoogleSignIn in Frameworks */,
				5A719ABC2E4EC8FD00298CD0 /* FirebaseAnalytics in Frameworks */,
				5A719ABE2E4EC8FD00298CD0 /* FirebaseAuth in Frameworks */,
				5A719AC72E4ECB2200298CD0 /* GoogleSignInSwift in Frameworks */,
				5A719AC02E4EC8FD00298CD0 /* FirebaseFirestore in Frameworks */,
				5A719AC22E4EC8FD00298CD0 /* FirebaseFirestoreSwift in Frameworks */,
			);
			runOnlyForDeploymentPostprocessing = 0;
		};
		5AF988DB2E45D6F80087A78F /* Frameworks */ = {
			isa = PBXFrameworksBuildPhase;
			buildActionMask = 2147483647;
			files = (
			);
			runOnlyForDeploymentPostprocessing = 0;
		};
		5AF988E52E45D6F80087A78F /* Frameworks */ = {
			isa = PBXFrameworksBuildPhase;
			buildActionMask = 2147483647;
			files = (
			);
			runOnlyForDeploymentPostprocessing = 0;
		};
/* End PBXFrameworksBuildPhase section */

/* Begin PBXGroup section */
		5A719ACD2E4EEB2B00298CD0 /* Models */ = {
			isa = PBXGroup;
			children = (
				5A719ACE2E4EEB5700298CD0 /* UserModel.swift */,
				5AA077DD2E528D2F00A920D5 /* CoursesModel.swift */,
				5AA077DF2E528D7E00A920D5 /* SubjectModel.swift */,
				5AA077E12E528D9200A920D5 /* ToolModel.swift */,
			);
			path = Models;
			sourceTree = "<group>";
		};
		5A719AD02E4EEB6400298CD0 /* Helper */ = {
			isa = PBXGroup;
			children = (
				5A719AD12E4EEB7500298CD0 /* FirebaseManager.swift */,
			);
			path = Helper;
			sourceTree = "<group>";
		};
		5AA077CB2E52764E00A920D5 /* HomePage */ = {
			isa = PBXGroup;
			children = (
				5AA077CC2E52766F00A920D5 /* Components */,
				5A719ACB2E4EEAC300298CD0 /* Homepage.swift */,
			);
			path = HomePage;
			sourceTree = "<group>";
		};
		5AA077CC2E52766F00A920D5 /* Components */ = {
			isa = PBXGroup;
			children = (
				5AA077CD2E5276B900A920D5 /* HomeTopView.swift */,
				5AA077CF2E528A3700A920D5 /* CoursesSectionView.swift */,
				5AA077D12E528AD200A920D5 /* CourseCardView.swift */,
				5AA077D32E528B3A00A920D5 /* SubjectsSectionView.swift */,
				5AA077D52E528B5900A920D5 /* SubjectCardView.swift */,
				5AA077D72E528B6F00A920D5 /* ToolsSectionView.swift */,
				5AA077D92E528B8E00A920D5 /* ToolCardView.swift */,
				5AA077DB2E528BAE00A920D5 /* BottomNavigationView.swift */,
			);
			path = Components;
			sourceTree = "<group>";
		};
		5AF988C02E45D6F40087A78F = {
			isa = PBXGroup;
			children = (
				5AF988CB2E45D6F40087A78F /* Praklyne */,
				5AF988E12E45D6F80087A78F /* PraklyneTests */,
				5AF988EB2E45D6F80087A78F /* PraklyneUITests */,
				5AF988CA2E45D6F40087A78F /* Products */,
			);
			sourceTree = "<group>";
		};
		5AF988CA2E45D6F40087A78F /* Products */ = {
			isa = PBXGroup;
			children = (
				5AF988C92E45D6F40087A78F /* Praklyne.app */,
				5AF988DE2E45D6F80087A78F /* PraklyneTests.xctest */,
				5AF988E82E45D6F80087A78F /* PraklyneUITests.xctest */,
			);
			name = Products;
			sourceTree = "<group>";
		};
		5AF988CB2E45D6F40087A78F /* Praklyne */ = {
			isa = PBXGroup;
			children = (
				5A719AD02E4EEB6400298CD0 /* Helper */,
				5A719ACD2E4EEB2B00298CD0 /* Models */,
				5A719ACA2E4EE0D000298CD0 /* Info.plist */,
				5A719AC82E4ECE7E00298CD0 /* GoogleService-Info.plist */,
				5AF988FB2E45D7140087A78F /* User_Interface */,
				5AF988CC2E45D6F40087A78F /* PraklyneApp.swift */,
				5AF988CE2E45D6F40087A78F /* ContentView.swift */,
				5AF988D02E45D6F70087A78F /* Assets.xcassets */,
				5AF988D52E45D6F70087A78F /* Persistence.swift */,
				5AF988D72E45D6F70087A78F /* Praklyne.xcdatamodeld */,
				5AF988D22E45D6F70087A78F /* Preview Content */,
			);
			path = Praklyne;
			sourceTree = "<group>";
		};
		5AF988D22E45D6F70087A78F /* Preview Content */ = {
			isa = PBXGroup;
			children = (
				5AF988D32E45D6F70087A78F /* Preview Assets.xcassets */,
			);
			path = "Preview Content";
			sourceTree = "<group>";
		};
		5AF988E12E45D6F80087A78F /* PraklyneTests */ = {
			isa = PBXGroup;
			children = (
				5AF988E22E45D6F80087A78F /* PraklyneTests.swift */,
			);
			path = PraklyneTests;
			sourceTree = "<group>";
		};
		5AF988EB2E45D6F80087A78F /* PraklyneUITests */ = {
			isa = PBXGroup;
			children = (
				5AF988EC2E45D6F80087A78F /* PraklyneUITests.swift */,
				5AF988EE2E45D6F80087A78F /* PraklyneUITestsLaunchTests.swift */,
			);
			path = PraklyneUITests;
			sourceTree = "<group>";
		};
		5AF988FB2E45D7140087A78F /* User_Interface */ = {
			isa = PBXGroup;
			children = (
				5AA077CB2E52764E00A920D5 /* HomePage */,
				5A76165A2E4C02ED00B7C85A /* Login.swift */,
				5AA077E32E53E14400A920D5 /* VIdeoPlayer.swift */,
			);
			path = User_Interface;
			sourceTree = "<group>";
		};
/* End PBXGroup section */

/* Begin PBXNativeTarget section */
		5AF988C82E45D6F40087A78F /* Praklyne */ = {
			isa = PBXNativeTarget;
			buildConfigurationList = 5AF988F22E45D6F80087A78F /* Build configuration list for PBXNativeTarget "Praklyne" */;
			buildPhases = (
				5AF988C52E45D6F40087A78F /* Sources */,
				5AF988C62E45D6F40087A78F /* Frameworks */,
				5AF988C72E45D6F40087A78F /* Resources */,
			);
			buildRules = (
			);
			dependencies = (
			);
			name = Praklyne;
			packageProductDependencies = (
				5A719ABB2E4EC8FD00298CD0 /* FirebaseAnalytics */,
				5A719ABD2E4EC8FD00298CD0 /* FirebaseAuth */,
				5A719ABF2E4EC8FD00298CD0 /* FirebaseFirestore */,
				5A719AC12E4EC8FD00298CD0 /* FirebaseFirestoreSwift */,
				5A719AC42E4ECB2200298CD0 /* GoogleSignIn */,
				5A719AC62E4ECB2200298CD0 /* GoogleSignInSwift */,
			);
			productName = Praklyne;
			productReference = 5AF988C92E45D6F40087A78F /* Praklyne.app */;
			productType = "com.apple.product-type.application";
		};
		5AF988DD2E45D6F80087A78F /* PraklyneTests */ = {
			isa = PBXNativeTarget;
			buildConfigurationList = 5AF988F52E45D6F80087A78F /* Build configuration list for PBXNativeTarget "PraklyneTests" */;
			buildPhases = (
				5AF988DA2E45D6F80087A78F /* Sources */,
				5AF988DB2E45D6F80087A78F /* Frameworks */,
				5AF988DC2E45D6F80087A78F /* Resources */,
			);
			buildRules = (
			);
			dependencies = (
				5AF988E02E45D6F80087A78F /* PBXTargetDependency */,
			);
			name = PraklyneTests;
			productName = PraklyneTests;
			productReference = 5AF988DE2E45D6F80087A78F /* PraklyneTests.xctest */;
			productType = "com.apple.product-type.bundle.unit-test";
		};
		5AF988E72E45D6F80087A78F /* PraklyneUITests */ = {
			isa = PBXNativeTarget;
			buildConfigurationList = 5AF988F82E45D6F80087A78F /* Build configuration list for PBXNativeTarget "PraklyneUITests" */;
			buildPhases = (
				5AF988E42E45D6F80087A78F /* Sources */,
				5AF988E52E45D6F80087A78F /* Frameworks */,
				5AF988E62E45D6F80087A78F /* Resources */,
			);
			buildRules = (
			);
			dependencies = (
				5AF988EA2E45D6F80087A78F /* PBXTargetDependency */,
			);
			name = PraklyneUITests;
			productName = PraklyneUITests;
			productReference = 5AF988E82E45D6F80087A78F /* PraklyneUITests.xctest */;
			productType = "com.apple.product-type.bundle.ui-testing";
		};
/* End PBXNativeTarget section */

/* Begin PBXProject section */
		5AF988C12E45D6F40087A78F /* Project object */ = {
			isa = PBXProject;
			attributes = {
				BuildIndependentTargetsInParallel = 1;
				LastSwiftUpdateCheck = 1430;
				LastUpgradeCheck = 1430;
				TargetAttributes = {
					5AF988C82E45D6F40087A78F = {
						CreatedOnToolsVersion = 14.3;
					};
					5AF988DD2E45D6F80087A78F = {
						CreatedOnToolsVersion = 14.3;
						TestTargetID = 5AF988C82E45D6F40087A78F;
					};
					5AF988E72E45D6F80087A78F = {
						CreatedOnToolsVersion = 14.3;
						TestTargetID = 5AF988C82E45D6F40087A78F;
					};
				};
			};
			buildConfigurationList = 5AF988C42E45D6F40087A78F /* Build configuration list for PBXProject "Praklyne" */;
			compatibilityVersion = "Xcode 14.0";
			developmentRegion = en;
			hasScannedForEncodings = 0;
			knownRegions = (
				en,
				Base,
			);
			mainGroup = 5AF988C02E45D6F40087A78F;
			packageReferences = (
				5A719ABA2E4EC8FD00298CD0 /* XCRemoteSwiftPackageReference "firebase-ios-sdk" */,
				5A719AC32E4ECB2200298CD0 /* XCRemoteSwiftPackageReference "GoogleSignIn-iOS" */,
			);
			productRefGroup = 5AF988CA2E45D6F40087A78F /* Products */;
			projectDirPath = "";
			projectRoot = "";
			targets = (
				5AF988C82E45D6F40087A78F /* Praklyne */,
				5AF988DD2E45D6F80087A78F /* PraklyneTests */,
				5AF988E72E45D6F80087A78F /* PraklyneUITests */,
			);
		};
/* End PBXProject section */

/* Begin PBXResourcesBuildPhase section */
		5AF988C72E45D6F40087A78F /* Resources */ = {
			isa = PBXResourcesBuildPhase;
			buildActionMask = 2147483647;
			files = (
				5AF988D42E45D6F70087A78F /* Preview Assets.xcassets in Resources */,
				5AF988D12E45D6F70087A78F /* Assets.xcassets in Resources */,
				5A719AC92E4ECE7E00298CD0 /* GoogleService-Info.plist in Resources */,
			);
			runOnlyForDeploymentPostprocessing = 0;
		};
		5AF988DC2E45D6F80087A78F /* Resources */ = {
			isa = PBXResourcesBuildPhase;
			buildActionMask = 2147483647;
			files = (
			);
			runOnlyForDeploymentPostprocessing = 0;
		};
		5AF988E62E45D6F80087A78F /* Resources */ = {
			isa = PBXResourcesBuildPhase;
			buildActionMask = 2147483647;
			files = (
			);
			runOnlyForDeploymentPostprocessing = 0;
		};
/* End PBXResourcesBuildPhase section */

/* Begin PBXSourcesBuildPhase section */
		5AF988C52E45D6F40087A78F /* Sources */ = {
			isa = PBXSourcesBuildPhase;
			buildActionMask = 2147483647;
			files = (
				5AF988D62E45D6F70087A78F /* Persistence.swift in Sources */,
				5A719ACF2E4EEB5700298CD0 /* UserModel.swift in Sources */,
				5A76165B2E4C02ED00B7C85A /* Login.swift in Sources */,
				5AA077D62E528B5900A920D5 /* SubjectCardView.swift in Sources */,
				5AA077D02E528A3700A920D5 /* CoursesSectionView.swift in Sources */,
				5AA077E22E528D9200A920D5 /* ToolModel.swift in Sources */,
				5AA077DC2E528BAE00A920D5 /* BottomNavigationView.swift in Sources */,
				5AA077CE2E5276B900A920D5 /* HomeTopView.swift in Sources */,
				5AA077DA2E528B8E00A920D5 /* ToolCardView.swift in Sources */,
				5A719AD22E4EEB7500298CD0 /* FirebaseManager.swift in Sources */,
				5AF988CF2E45D6F40087A78F /* ContentView.swift in Sources */,
				5AA077D22E528AD200A920D5 /* CourseCardView.swift in Sources */,
				5AA077E42E53E14400A920D5 /* VIdeoPlayer.swift in Sources */,
				5A719ACC2E4EEAC300298CD0 /* Homepage.swift in Sources */,
				5AA077D82E528B6F00A920D5 /* ToolsSectionView.swift in Sources */,
				5AF988CD2E45D6F40087A78F /* PraklyneApp.swift in Sources */,
				5AA077E02E528D7E00A920D5 /* SubjectModel.swift in Sources */,
				5AF988D92E45D6F70087A78F /* Praklyne.xcdatamodeld in Sources */,
				5AA077D42E528B3A00A920D5 /* SubjectsSectionView.swift in Sources */,
				5AA077DE2E528D2F00A920D5 /* CoursesModel.swift in Sources */,
			);
			runOnlyForDeploymentPostprocessing = 0;
		};
		5AF988DA2E45D6F80087A78F /* Sources */ = {
			isa = PBXSourcesBuildPhase;
			buildActionMask = 2147483647;
			files = (
				5AF988E32E45D6F80087A78F /* PraklyneTests.swift in Sources */,
			);
			runOnlyForDeploymentPostprocessing = 0;
		};
		5AF988E42E45D6F80087A78F /* Sources */ = {
			isa = PBXSourcesBuildPhase;
			buildActionMask = 2147483647;
			files = (
				5AF988EF2E45D6F80087A78F /* PraklyneUITestsLaunchTests.swift in Sources */,
				5AF988ED2E45D6F80087A78F /* PraklyneUITests.swift in Sources */,
			);
			runOnlyForDeploymentPostprocessing = 0;
		};
/* End PBXSourcesBuildPhase section */

/* Begin PBXTargetDependency section */
		5AF988E02E45D6F80087A78F /* PBXTargetDependency */ = {
			isa = PBXTargetDependency;
			target = 5AF988C82E45D6F40087A78F /* Praklyne */;
			targetProxy = 5AF988DF2E45D6F80087A78F /* PBXContainerItemProxy */;
		};
		5AF988EA2E45D6F80087A78F /* PBXTargetDependency */ = {
			isa = PBXTargetDependency;
			target = 5AF988C82E45D6F40087A78F /* Praklyne */;
			targetProxy = 5AF988E92E45D6F80087A78F /* PBXContainerItemProxy */;
		};
/* End PBXTargetDependency section */

/* Begin XCBuildConfiguration section */
		5AF988F02E45D6F80087A78F /* Debug */ = {
			isa = XCBuildConfiguration;
			buildSettings = {
				ALWAYS_SEARCH_USER_PATHS = NO;
				CLANG_ANALYZER_NONNULL = YES;
				CLANG_ANALYZER_NUMBER_OBJECT_CONVERSION = YES_AGGRESSIVE;
				CLANG_CXX_LANGUAGE_STANDARD = "gnu++20";
				CLANG_ENABLE_MODULES = YES;
				CLANG_ENABLE_OBJC_ARC = YES;
				CLANG_ENABLE_OBJC_WEAK = YES;
				CLANG_WARN_BLOCK_CAPTURE_AUTORELEASING = YES;
				CLANG_WARN_BOOL_CONVERSION = YES;
				CLANG_WARN_COMMA = YES;
				CLANG_WARN_CONSTANT_CONVERSION = YES;
				CLANG_WARN_DEPRECATED_OBJC_IMPLEMENTATIONS = YES;
				CLANG_WARN_DIRECT_OBJC_ISA_USAGE = YES_ERROR;
				CLANG_WARN_DOCUMENTATION_COMMENTS = YES;
				CLANG_WARN_EMPTY_BODY = YES;
				CLANG_WARN_ENUM_CONVERSION = YES;
				CLANG_WARN_INFINITE_RECURSION = YES;
				CLANG_WARN_INT_CONVERSION = YES;
				CLANG_WARN_NON_LITERAL_NULL_CONVERSION = YES;
				CLANG_WARN_OBJC_IMPLICIT_RETAIN_SELF = YES;
				CLANG_WARN_OBJC_LITERAL_CONVERSION = YES;
				CLANG_WARN_OBJC_ROOT_CLASS = YES_ERROR;
				CLANG_WARN_QUOTED_INCLUDE_IN_FRAMEWORK_HEADER = YES;
				CLANG_WARN_RANGE_LOOP_ANALYSIS = YES;
				CLANG_WARN_STRICT_PROTOTYPES = YES;
				CLANG_WARN_SUSPICIOUS_MOVE = YES;
				CLANG_WARN_UNGUARDED_AVAILABILITY = YES_AGGRESSIVE;
				CLANG_WARN_UNREACHABLE_CODE = YES;
				CLANG_WARN__DUPLICATE_METHOD_MATCH = YES;
				COPY_PHASE_STRIP = NO;
				DEBUG_INFORMATION_FORMAT = dwarf;
				ENABLE_STRICT_OBJC_MSGSEND = YES;
				ENABLE_TESTABILITY = YES;
				GCC_C_LANGUAGE_STANDARD = gnu11;
				GCC_DYNAMIC_NO_PIC = NO;
				GCC_NO_COMMON_BLOCKS = YES;
				GCC_OPTIMIZATION_LEVEL = 0;
				GCC_PREPROCESSOR_DEFINITIONS = (
					"DEBUG=1",
					"$(inherited)",
				);
				GCC_WARN_64_TO_32_BIT_CONVERSION = YES;
				GCC_WARN_ABOUT_RETURN_TYPE = YES_ERROR;
				GCC_WARN_UNDECLARED_SELECTOR = YES;
				GCC_WARN_UNINITIALIZED_AUTOS = YES_AGGRESSIVE;
				GCC_WARN_UNUSED_FUNCTION = YES;
				GCC_WARN_UNUSED_VARIABLE = YES;
				IPHONEOS_DEPLOYMENT_TARGET = 16.4;
				MTL_ENABLE_DEBUG_INFO = INCLUDE_SOURCE;
				MTL_FAST_MATH = YES;
				ONLY_ACTIVE_ARCH = YES;
				SDKROOT = iphoneos;
				SWIFT_ACTIVE_COMPILATION_CONDITIONS = DEBUG;
				SWIFT_OPTIMIZATION_LEVEL = "-Onone";
			};
			name = Debug;
		};
		5AF988F12E45D6F80087A78F /* Release */ = {
			isa = XCBuildConfiguration;
			buildSettings = {
				ALWAYS_SEARCH_USER_PATHS = NO;
				CLANG_ANALYZER_NONNULL = YES;
				CLANG_ANALYZER_NUMBER_OBJECT_CONVERSION = YES_AGGRESSIVE;
				CLANG_CXX_LANGUAGE_STANDARD = "gnu++20";
				CLANG_ENABLE_MODULES = YES;
				CLANG_ENABLE_OBJC_ARC = YES;
				CLANG_ENABLE_OBJC_WEAK = YES;
				CLANG_WARN_BLOCK_CAPTURE_AUTORELEASING = YES;
				CLANG_WARN_BOOL_CONVERSION = YES;
				CLANG_WARN_COMMA = YES;
				CLANG_WARN_CONSTANT_CONVERSION = YES;
				CLANG_WARN_DEPRECATED_OBJC_IMPLEMENTATIONS = YES;
				CLANG_WARN_DIRECT_OBJC_ISA_USAGE = YES_ERROR;
				CLANG_WARN_DOCUMENTATION_COMMENTS = YES;
				CLANG_WARN_EMPTY_BODY = YES;
				CLANG_WARN_ENUM_CONVERSION = YES;
				CLANG_WARN_INFINITE_RECURSION = YES;
				CLANG_WARN_INT_CONVERSION = YES;
				CLANG_WARN_NON_LITERAL_NULL_CONVERSION = YES;
				CLANG_WARN_OBJC_IMPLICIT_RETAIN_SELF = YES;
				CLANG_WARN_OBJC_LITERAL_CONVERSION = YES;
				CLANG_WARN_OBJC_ROOT_CLASS = YES_ERROR;
				CLANG_WARN_QUOTED_INCLUDE_IN_FRAMEWORK_HEADER = YES;
				CLANG_WARN_RANGE_LOOP_ANALYSIS = YES;
				CLANG_WARN_STRICT_PROTOTYPES = YES;
				CLANG_WARN_SUSPICIOUS_MOVE = YES;
				CLANG_WARN_UNGUARDED_AVAILABILITY = YES_AGGRESSIVE;
				CLANG_WARN_UNREACHABLE_CODE = YES;
				CLANG_WARN__DUPLICATE_METHOD_MATCH = YES;
				COPY_PHASE_STRIP = NO;
				DEBUG_INFORMATION_FORMAT = "dwarf-with-dsym";
				ENABLE_NS_ASSERTIONS = NO;
				ENABLE_STRICT_OBJC_MSGSEND = YES;
				GCC_C_LANGUAGE_STANDARD = gnu11;
				GCC_NO_COMMON_BLOCKS = YES;
				GCC_WARN_64_TO_32_BIT_CONVERSION = YES;
				GCC_WARN_ABOUT_RETURN_TYPE = YES_ERROR;
				GCC_WARN_UNDECLARED_SELECTOR = YES;
				GCC_WARN_UNINITIALIZED_AUTOS = YES_AGGRESSIVE;
				GCC_WARN_UNUSED_FUNCTION = YES;
				GCC_WARN_UNUSED_VARIABLE = YES;
				IPHONEOS_DEPLOYMENT_TARGET = 16.4;
				MTL_ENABLE_DEBUG_INFO = NO;
				MTL_FAST_MATH = YES;
				SDKROOT = iphoneos;
				SWIFT_COMPILATION_MODE = wholemodule;
				SWIFT_OPTIMIZATION_LEVEL = "-O";
				VALIDATE_PRODUCT = YES;
			};
			name = Release;
		};
		5AF988F32E45D6F80087A78F /* Debug */ = {
			isa = XCBuildConfiguration;
			buildSettings = {
				ASSETCATALOG_COMPILER_APPICON_NAME = AppIcon;
				ASSETCATALOG_COMPILER_GLOBAL_ACCENT_COLOR_NAME = AccentColor;
				CODE_SIGN_STYLE = Automatic;
				CURRENT_PROJECT_VERSION = 1;
				DEVELOPMENT_ASSET_PATHS = "\"Praklyne/Preview Content\"";
				ENABLE_PREVIEWS = YES;
				GENERATE_INFOPLIST_FILE = YES;
				INFOPLIST_FILE = Praklyne/Info.plist;
				INFOPLIST_KEY_UIApplicationSceneManifest_Generation = YES;
				INFOPLIST_KEY_UIApplicationSupportsIndirectInputEvents = YES;
				INFOPLIST_KEY_UILaunchScreen_Generation = YES;
				INFOPLIST_KEY_UISupportedInterfaceOrientations_iPad = "UIInterfaceOrientationPortrait UIInterfaceOrientationPortraitUpsideDown UIInterfaceOrientationLandscapeLeft UIInterfaceOrientationLandscapeRight";
				INFOPLIST_KEY_UISupportedInterfaceOrientations_iPhone = "UIInterfaceOrientationPortrait UIInterfaceOrientationLandscapeLeft UIInterfaceOrientationLandscapeRight";
				LD_RUNPATH_SEARCH_PATHS = (
					"$(inherited)",
					"@executable_path/Frameworks",
				);
				MARKETING_VERSION = 1.0;
				PRODUCT_BUNDLE_IDENTIFIER = IshanKM.Praklyne;
				PRODUCT_NAME = "$(TARGET_NAME)";
				SWIFT_EMIT_LOC_STRINGS = YES;
				SWIFT_VERSION = 5.0;
				TARGETED_DEVICE_FAMILY = "1,2";
			};
			name = Debug;
		};
		5AF988F42E45D6F80087A78F /* Release */ = {
			isa = XCBuildConfiguration;
			buildSettings = {
				ASSETCATALOG_COMPILER_APPICON_NAME = AppIcon;
				ASSETCATALOG_COMPILER_GLOBAL_ACCENT_COLOR_NAME = AccentColor;
				CODE_SIGN_STYLE = Automatic;
				CURRENT_PROJECT_VERSION = 1;
				DEVELOPMENT_ASSET_PATHS = "\"Praklyne/Preview Content\"";
				ENABLE_PREVIEWS = YES;
				GENERATE_INFOPLIST_FILE = YES;
				INFOPLIST_FILE = Praklyne/Info.plist;
				INFOPLIST_KEY_UIApplicationSceneManifest_Generation = YES;
				INFOPLIST_KEY_UIApplicationSupportsIndirectInputEvents = YES;
				INFOPLIST_KEY_UILaunchScreen_Generation = YES;
				INFOPLIST_KEY_UISupportedInterfaceOrientations_iPad = "UIInterfaceOrientationPortrait UIInterfaceOrientationPortraitUpsideDown UIInterfaceOrientationLandscapeLeft UIInterfaceOrientationLandscapeRight";
				INFOPLIST_KEY_UISupportedInterfaceOrientations_iPhone = "UIInterfaceOrientationPortrait UIInterfaceOrientationLandscapeLeft UIInterfaceOrientationLandscapeRight";
				LD_RUNPATH_SEARCH_PATHS = (
					"$(inherited)",
					"@executable_path/Frameworks",
				);
				MARKETING_VERSION = 1.0;
				PRODUCT_BUNDLE_IDENTIFIER = IshanKM.Praklyne;
				PRODUCT_NAME = "$(TARGET_NAME)";
				SWIFT_EMIT_LOC_STRINGS = YES;
				SWIFT_VERSION = 5.0;
				TARGETED_DEVICE_FAMILY = "1,2";
			};
			name = Release;
		};
		5AF988F62E45D6F80087A78F /* Debug */ = {
			isa = XCBuildConfiguration;
			buildSettings = {
				ALWAYS_EMBED_SWIFT_STANDARD_LIBRARIES = YES;
				BUNDLE_LOADER = "$(TEST_HOST)";
				CODE_SIGN_STYLE = Automatic;
				CURRENT_PROJECT_VERSION = 1;
				GENERATE_INFOPLIST_FILE = YES;
				IPHONEOS_DEPLOYMENT_TARGET = 16.4;
				MARKETING_VERSION = 1.0;
				PRODUCT_BUNDLE_IDENTIFIER = IshanKM.PraklyneTests;
				PRODUCT_NAME = "$(TARGET_NAME)";
				SWIFT_EMIT_LOC_STRINGS = NO;
				SWIFT_VERSION = 5.0;
				TARGETED_DEVICE_FAMILY = "1,2";
				TEST_HOST = "$(BUILT_PRODUCTS_DIR)/Praklyne.app/$(BUNDLE_EXECUTABLE_FOLDER_PATH)/Praklyne";
			};
			name = Debug;
		};
		5AF988F72E45D6F80087A78F /* Release */ = {
			isa = XCBuildConfiguration;
			buildSettings = {
				ALWAYS_EMBED_SWIFT_STANDARD_LIBRARIES = YES;
				BUNDLE_LOADER = "$(TEST_HOST)";
				CODE_SIGN_STYLE = Automatic;
				CURRENT_PROJECT_VERSION = 1;
				GENERATE_INFOPLIST_FILE = YES;
				IPHONEOS_DEPLOYMENT_TARGET = 16.4;
				MARKETING_VERSION = 1.0;
				PRODUCT_BUNDLE_IDENTIFIER = IshanKM.PraklyneTests;
				PRODUCT_NAME = "$(TARGET_NAME)";
				SWIFT_EMIT_LOC_STRINGS = NO;
				SWIFT_VERSION = 5.0;
				TARGETED_DEVICE_FAMILY = "1,2";
				TEST_HOST = "$(BUILT_PRODUCTS_DIR)/Praklyne.app/$(BUNDLE_EXECUTABLE_FOLDER_PATH)/Praklyne";
			};
			name = Release;
		};
		5AF988F92E45D6F80087A78F /* Debug */ = {
			isa = XCBuildConfiguration;
			buildSettings = {
				ALWAYS_EMBED_SWIFT_STANDARD_LIBRARIES = YES;
				CODE_SIGN_STYLE = Automatic;
				CURRENT_PROJECT_VERSION = 1;
				GENERATE_INFOPLIST_FILE = YES;
				MARKETING_VERSION = 1.0;
				PRODUCT_BUNDLE_IDENTIFIER = IshanKM.PraklyneUITests;
				PRODUCT_NAME = "$(TARGET_NAME)";
				SWIFT_EMIT_LOC_STRINGS = NO;
				SWIFT_VERSION = 5.0;
				TARGETED_DEVICE_FAMILY = "1,2";
				TEST_TARGET_NAME = Praklyne;
			};
			name = Debug;
		};
		5AF988FA2E45D6F80087A78F /* Release */ = {
			isa = XCBuildConfiguration;
			buildSettings = {
				ALWAYS_EMBED_SWIFT_STANDARD_LIBRARIES = YES;
				CODE_SIGN_STYLE = Automatic;
				CURRENT_PROJECT_VERSION = 1;
				GENERATE_INFOPLIST_FILE = YES;
				MARKETING_VERSION = 1.0;
				PRODUCT_BUNDLE_IDENTIFIER = IshanKM.PraklyneUITests;
				PRODUCT_NAME = "$(TARGET_NAME)";
				SWIFT_EMIT_LOC_STRINGS = NO;
				SWIFT_VERSION = 5.0;
				TARGETED_DEVICE_FAMILY = "1,2";
				TEST_TARGET_NAME = Praklyne;
			};
			name = Release;
		};
/* End XCBuildConfiguration section */

/* Begin XCConfigurationList section */
		5AF988C42E45D6F40087A78F /* Build configuration list for PBXProject "Praklyne" */ = {
			isa = XCConfigurationList;
			buildConfigurations = (
				5AF988F02E45D6F80087A78F /* Debug */,
				5AF988F12E45D6F80087A78F /* Release */,
			);
			defaultConfigurationIsVisible = 0;
			defaultConfigurationName = Release;
		};
		5AF988F22E45D6F80087A78F /* Build configuration list for PBXNativeTarget "Praklyne" */ = {
			isa = XCConfigurationList;
			buildConfigurations = (
				5AF988F32E45D6F80087A78F /* Debug */,
				5AF988F42E45D6F80087A78F /* Release */,
			);
			defaultConfigurationIsVisible = 0;
			defaultConfigurationName = Release;
		};
		5AF988F52E45D6F80087A78F /* Build configuration list for PBXNativeTarget "PraklyneTests" */ = {
			isa = XCConfigurationList;
			buildConfigurations = (
				5AF988F62E45D6F80087A78F /* Debug */,
				5AF988F72E45D6F80087A78F /* Release */,
			);
			defaultConfigurationIsVisible = 0;
			defaultConfigurationName = Release;
		};
		5AF988F82E45D6F80087A78F /* Build configuration list for PBXNativeTarget "PraklyneUITests" */ = {
			isa = XCConfigurationList;
			buildConfigurations = (
				5AF988F92E45D6F80087A78F /* Debug */,
				5AF988FA2E45D6F80087A78F /* Release */,
			);
			defaultConfigurationIsVisible = 0;
			defaultConfigurationName = Release;
		};
/* End XCConfigurationList section */

/* Begin XCRemoteSwiftPackageReference section */
		5A719ABA2E4EC8FD00298CD0 /* XCRemoteSwiftPackageReference "firebase-ios-sdk" */ = {
			isa = XCRemoteSwiftPackageReference;
			repositoryURL = "https://github.com/firebase/firebase-ios-sdk";
			requirement = {
				kind = exactVersion;
				version = 10.24.0;
			};
		};
		5A719AC32E4ECB2200298CD0 /* XCRemoteSwiftPackageReference "GoogleSignIn-iOS" */ = {
			isa = XCRemoteSwiftPackageReference;
			repositoryURL = "https://github.com/google/GoogleSignIn-iOS.git";
			requirement = {
				kind = exactVersion;
				version = 7.1.0;
			};
		};
/* End XCRemoteSwiftPackageReference section */

/* Begin XCSwiftPackageProductDependency section */
		5A719ABB2E4EC8FD00298CD0 /* FirebaseAnalytics */ = {
			isa = XCSwiftPackageProductDependency;
			package = 5A719ABA2E4EC8FD00298CD0 /* XCRemoteSwiftPackageReference "firebase-ios-sdk" */;
			productName = FirebaseAnalytics;
		};
		5A719ABD2E4EC8FD00298CD0 /* FirebaseAuth */ = {
			isa = XCSwiftPackageProductDependency;
			package = 5A719ABA2E4EC8FD00298CD0 /* XCRemoteSwiftPackageReference "firebase-ios-sdk" */;
			productName = FirebaseAuth;
		};
		5A719ABF2E4EC8FD00298CD0 /* FirebaseFirestore */ = {
			isa = XCSwiftPackageProductDependency;
			package = 5A719ABA2E4EC8FD00298CD0 /* XCRemoteSwiftPackageReference "firebase-ios-sdk" */;
			productName = FirebaseFirestore;
		};
		5A719AC12E4EC8FD00298CD0 /* FirebaseFirestoreSwift */ = {
			isa = XCSwiftPackageProductDependency;
			package = 5A719ABA2E4EC8FD00298CD0 /* XCRemoteSwiftPackageReference "firebase-ios-sdk" */;
			productName = FirebaseFirestoreSwift;
		};
		5A719AC42E4ECB2200298CD0 /* GoogleSignIn */ = {
			isa = XCSwiftPackageProductDependency;
			package = 5A719AC32E4ECB2200298CD0 /* XCRemoteSwiftPackageReference "GoogleSignIn-iOS" */;
			productName = GoogleSignIn;
		};
		5A719AC62E4ECB2200298CD0 /* GoogleSignInSwift */ = {
			isa = XCSwiftPackageProductDependency;
			package = 5A719AC32E4ECB2200298CD0 /* XCRemoteSwiftPackageReference "GoogleSignIn-iOS" */;
			productName = GoogleSignInSwift;
		};
/* End XCSwiftPackageProductDependency section */

/* Begin XCVersionGroup section */
		5AF988D72E45D6F70087A78F /* Praklyne.xcdatamodeld */ = {
			isa = XCVersionGroup;
			children = (
				5AF988D82E45D6F70087A78F /* Praklyne.xcdatamodel */,
			);
			currentVersion = 5AF988D82E45D6F70087A78F /* Praklyne.xcdatamodel */;
			path = Praklyne.xcdatamodeld;
			sourceTree = "<group>";
			versionGroupType = wrapper.xcdatamodel;
		};
/* End XCVersionGroup section */
	};
	rootObject = 5AF988C12E45D6F40087A78F /* Project object */;
}
